
Microsoft Visual Studio Solution File, Format Version 12.00
# Visual Studio Version 16
VisualStudioVersion = 16.0.29009.5
MinimumVisualStudioVersion = 10.0.40219.1
Project("{FAE04EC0-301F-11D3-BF4B-00C04F79EFBC}") = "WebProject", "WebProject.csproj", "{AB4D1CF6-1022-449B-B503-61DF6F576590}"
EndProject
Global
	GlobalSection(SolutionConfigurationPlatforms) = preSolution
		Debug|Any CPU = Debug|Any CPU
		Release|Any CPU = Release|Any CPU
	EndGlobalSection
	GlobalSection(ProjectConfigurationPlatforms) = postSolution
		{AB4D1CF6-1022-449B-B503-61DF6F576590}.Debug|Any CPU.ActiveCfg = Debug|Any CPU
		{AB4D1CF6-1022-449B-B503-61DF6F576590}.Debug|Any CPU.Build.0 = Debug|Any CPU
		{AB4D1CF6-1022-449B-B503-61DF6F576590}.Release|Any CPU.ActiveCfg = Release|Any CPU
		{AB4D1CF6-1022-449B-B503-61DF6F576590}.Release|Any CPU.Build.0 = Release|Any CPU
	EndGlobalSection
	GlobalSection(SolutionProperties) = preSolution
		HideSolutionNode = FALSE
	EndGlobalSection
	GlobalSection(ExtensibilityGlobals) = postSolution
		SolutionGuid = {4AAA2EBE-D0FE-4540-A608-22007440732E}
	EndGlobalSection
EndGlobal
